
Microsoft Visual Studio Solution File, Format Version 12.00
# Visual Studio Version 16
VisualStudioVersion = 16.0.30621.155
MinimumVisualStudioVersion = 10.0.40219.1
Project("{FAE04EC0-301F-11D3-BF4B-00C04F79EFBC}") = "SecondHand", "SecondHand\SecondHand.csproj", "{6C62EF05-037A-4D44-8241-D6EE0B3D3E07}"
EndProject
Global
	GlobalSection(SolutionConfigurationPlatforms) = preSolution
		Debug|Any CPU = Debug|Any CPU
		Release|Any CPU = Release|Any CPU
	EndGlobalSection
	GlobalSection(ProjectConfigurationPlatforms) = postSolution
		{6C62EF05-037A-4D44-8241-D6EE0B3D3E07}.Debug|Any CPU.ActiveCfg = Debug|Any CPU
		{6C62EF05-037A-4D44-8241-D6EE0B3D3E07}.Debug|Any CPU.Build.0 = Debug|Any CPU
		{6C62EF05-037A-4D44-8241-D6EE0B3D3E07}.Release|Any CPU.ActiveCfg = Release|Any CPU
		{6C62EF05-037A-4D44-8241-D6EE0B3D3E07}.Release|Any CPU.Build.0 = Release|Any CPU
	EndGlobalSection
	GlobalSection(SolutionProperties) = preSolution
		HideSolutionNode = FALSE
	EndGlobalSection
	GlobalSection(ExtensibilityGlobals) = postSolution
		SolutionGuid = {E18B70A5-60F6-4393-8CDE-6758D837F563}
	EndGlobalSection
EndGlobal
